// !$*UTF8*$!
{
	archiveVersion = 1;
	classes = {
	};
	objectVersion = 46;
	objects = {

/* Begin PBXBuildFile section */
		6F44B2E41AE406F40026FB06 /* Foundation.framework in Frameworks */ = {isa = PBXBuildFile; fileRef = 6F44B2E31AE406F40026FB06 /* Foundation.framework */; };
		6F44B2E61AE406FB0026FB06 /* UIKit.framework in Frameworks */ = {isa = PBXBuildFile; fileRef = 6F44B2E51AE406FB0026FB06 /* UIKit.framework */; };
		6F44B2E81AE4070E0026FB06 /* CoreGraphics.framework in Frameworks */ = {isa = PBXBuildFile; fileRef = 6F44B2E71AE4070E0026FB06 /* CoreGraphics.framework */; };
		6F44B2ED1AE408AE0026FB06 /* AssetsLibrary.framework in Frameworks */ = {isa = PBXBuildFile; fileRef = 6F44B2EC1AE408AE0026FB06 /* AssetsLibrary.framework */; };
		6F44B2F11AE40ED60026FB06 /* AVFoundation.framework in Frameworks */ = {isa = PBXBuildFile; fileRef = 6F44B2F01AE40ED60026FB06 /* AVFoundation.framework */; };
		6F44B2F31AE40EE10026FB06 /* Accelerate.framework in Frameworks */ = {isa = PBXBuildFile; fileRef = 6F44B2F21AE40EE10026FB06 /* Accelerate.framework */; };
		6F44B2FB1AE40F3E0026FB06 /* QuartzCore.framework in Frameworks */ = {isa = PBXBuildFile; fileRef = 6F44B2FA1AE40F3E0026FB06 /* QuartzCore.framework */; };
		6F44B2FC1AE40F770026FB06 /* CoreMedia.framework in Frameworks */ = {isa = PBXBuildFile; fileRef = 6F44B2F61AE40F220026FB06 /* CoreMedia.framework */; };
		6F44B2FD1AE40FA80026FB06 /* CoreImage.framework in Frameworks */ = {isa = PBXBuildFile; fileRef = 6F44B2F41AE40F140026FB06 /* CoreImage.framework */; };
		6F44B2FE1AE40FC60026FB06 /* CoreVideo.framework in Frameworks */ = {isa = PBXBuildFile; fileRef = 6F44B2F81AE40F2C0026FB06 /* CoreVideo.framework */; };
		6FB0DE781AD52B5A0027C955 /* DYMainViewController.m in Sources */ = {isa = PBXBuildFile; fileRef = 6FB0DE771AD52B5A0027C955 /* DYMainViewController.m */; };
		6FB0DE7B1AD52BB90027C955 /* DYLoginViewController.m in Sources */ = {isa = PBXBuildFile; fileRef = 6FB0DE7A1AD52BB90027C955 /* DYLoginViewController.m */; };
		6FB0DE801AD55C860027C955 /* DYMainTableViewCell.m in Sources */ = {isa = PBXBuildFile; fileRef = 6FB0DE7F1AD55C860027C955 /* DYMainTableViewCell.m */; };
		6FB0DE831AD55CE80027C955 /* DYLoginTableViewCell.m in Sources */ = {isa = PBXBuildFile; fileRef = 6FB0DE821AD55CE80027C955 /* DYLoginTableViewCell.m */; };
		6FB2DBBD1AE4A1B20066EB66 /* opencv2.framework in Frameworks */ = {isa = PBXBuildFile; fileRef = 6FB2DBBC1AE4A1B20066EB66 /* opencv2.framework */; };
		6FD6F8541AA55C0A001F012B /* main.m in Sources */ = {isa = PBXBuildFile; fileRef = 6FD6F8531AA55C0A001F012B /* main.m */; };
		6FD6F8571AA55C0A001F012B /* AppDelegate.m in Sources */ = {isa = PBXBuildFile; fileRef = 6FD6F8561AA55C0A001F012B /* AppDelegate.m */; };
		6FD6F85A1AA55C0A001F012B /* OpenSourceIntegration.xcdatamodeld in Sources */ = {isa = PBXBuildFile; fileRef = 6FD6F8581AA55C0A001F012B /* OpenSourceIntegration.xcdatamodeld */; };
		6FD6F8601AA55C0A001F012B /* Main.storyboard in Resources */ = {isa = PBXBuildFile; fileRef = 6FD6F85E1AA55C0A001F012B /* Main.storyboard */; };
		6FD6F8621AA55C0A001F012B /* Images.xcassets in Resources */ = {isa = PBXBuildFile; fileRef = 6FD6F8611AA55C0A001F012B /* Images.xcassets */; };
		6FD6F8651AA55C0A001F012B /* LaunchScreen.xib in Resources */ = {isa = PBXBuildFile; fileRef = 6FD6F8631AA55C0A001F012B /* LaunchScreen.xib */; };
		6FD6F8711AA55C0A001F012B /* OpenSourceIntegrationTests.m in Sources */ = {isa = PBXBuildFile; fileRef = 6FD6F8701AA55C0A001F012B /* OpenSourceIntegrationTests.m */; };
		6FD929981B281E8000F90100 /* DYCustomCameraViewController.m in Sources */ = {isa = PBXBuildFile; fileRef = 6FD929971B281E8000F90100 /* DYCustomCameraViewController.m */; };
		6FFDEF2F1AF8637D002FA44B /* DYImageIdentifierViewController.mm in Sources */ = {isa = PBXBuildFile; fileRef = 6FFDEF2E1AF8637D002FA44B /* DYImageIdentifierViewController.mm */; };
		DCBE2D72A461CCBD26C54B2C /* libPods.a in Frameworks */ = {isa = PBXBuildFile; fileRef = F97E770ACD492C2BEF1CAF21 /* libPods.a */; };
/* End PBXBuildFile section */

/* Begin PBXContainerItemProxy section */
		6FD6F86B1AA55C0A001F012B /* PBXContainerItemProxy */ = {
			isa = PBXContainerItemProxy;
			containerPortal = 6FD6F8461AA55C0A001F012B /* Project object */;
			proxyType = 1;
			remoteGlobalIDString = 6FD6F84D1AA55C0A001F012B;
			remoteInfo = OpenSourceIntegration;
		};
/* End PBXContainerItemProxy section */

/* Begin PBXFileReference section */
		2042A41782B3BF04DE63489A /* Pods.debug.xcconfig */ = {isa = PBXFileReference; includeInIndex = 1; lastKnownFileType = text.xcconfig; name = Pods.debug.xcconfig; path = "Pods/Target Support Files/Pods/Pods.debug.xcconfig"; sourceTree = "<group>"; };
		329C8D9F2B9AFEFB3C76055A /* Pods.release.xcconfig */ = {isa = PBXFileReference; includeInIndex = 1; lastKnownFileType = text.xcconfig; name = Pods.release.xcconfig; path = "Pods/Target Support Files/Pods/Pods.release.xcconfig"; sourceTree = "<group>"; };
		6F44B2E31AE406F40026FB06 /* Foundation.framework */ = {isa = PBXFileReference; lastKnownFileType = wrapper.framework; name = Foundation.framework; path = System/Library/Frameworks/Foundation.framework; sourceTree = SDKROOT; };
		6F44B2E51AE406FB0026FB06 /* UIKit.framework */ = {isa = PBXFileReference; lastKnownFileType = wrapper.framework; name = UIKit.framework; path = System/Library/Frameworks/UIKit.framework; sourceTree = SDKROOT; };
		6F44B2E71AE4070E0026FB06 /* CoreGraphics.framework */ = {isa = PBXFileReference; lastKnownFileType = wrapper.framework; name = CoreGraphics.framework; path = System/Library/Frameworks/CoreGraphics.framework; sourceTree = SDKROOT; };
		6F44B2EC1AE408AE0026FB06 /* AssetsLibrary.framework */ = {isa = PBXFileReference; lastKnownFileType = wrapper.framework; name = AssetsLibrary.framework; path = System/Library/Frameworks/AssetsLibrary.framework; sourceTree = SDKROOT; };
		6F44B2F01AE40ED60026FB06 /* AVFoundation.framework */ = {isa = PBXFileReference; lastKnownFileType = wrapper.framework; name = AVFoundation.framework; path = System/Library/Frameworks/AVFoundation.framework; sourceTree = SDKROOT; };
		6F44B2F21AE40EE10026FB06 /* Accelerate.framework */ = {isa = PBXFileReference; lastKnownFileType = wrapper.framework; name = Accelerate.framework; path = System/Library/Frameworks/Accelerate.framework; sourceTree = SDKROOT; };
		6F44B2F41AE40F140026FB06 /* CoreImage.framework */ = {isa = PBXFileReference; lastKnownFileType = wrapper.framework; name = CoreImage.framework; path = System/Library/Frameworks/CoreImage.framework; sourceTree = SDKROOT; };
		6F44B2F61AE40F220026FB06 /* CoreMedia.framework */ = {isa = PBXFileReference; lastKnownFileType = wrapper.framework; name = CoreMedia.framework; path = System/Library/Frameworks/CoreMedia.framework; sourceTree = SDKROOT; };
		6F44B2F81AE40F2C0026FB06 /* CoreVideo.framework */ = {isa = PBXFileReference; lastKnownFileType = wrapper.framework; name = CoreVideo.framework; path = System/Library/Frameworks/CoreVideo.framework; sourceTree = SDKROOT; };
		6F44B2FA1AE40F3E0026FB06 /* QuartzCore.framework */ = {isa = PBXFileReference; lastKnownFileType = wrapper.framework; name = QuartzCore.framework; path = System/Library/Frameworks/QuartzCore.framework; sourceTree = SDKROOT; };
		6F44B2FF1AE40FFD0026FB06 /* ImageIO.framework */ = {isa = PBXFileReference; lastKnownFileType = wrapper.framework; name = ImageIO.framework; path = System/Library/Frameworks/ImageIO.framework; sourceTree = SDKROOT; };
		6FB0DE761AD52B5A0027C955 /* DYMainViewController.h */ = {isa = PBXFileReference; fileEncoding = 4; lastKnownFileType = sourcecode.c.h; name = DYMainViewController.h; path = CommonSuperClass/DYMainViewController.h; sourceTree = "<group>"; };
		6FB0DE771AD52B5A0027C955 /* DYMainViewController.m */ = {isa = PBXFileReference; fileEncoding = 4; lastKnownFileType = sourcecode.c.objc; name = DYMainViewController.m; path = CommonSuperClass/DYMainViewController.m; sourceTree = "<group>"; };
		6FB0DE791AD52BB90027C955 /* DYLoginViewController.h */ = {isa = PBXFileReference; fileEncoding = 4; lastKnownFileType = sourcecode.c.h; name = DYLoginViewController.h; path = LoginViewController/DYLoginViewController.h; sourceTree = "<group>"; };
		6FB0DE7A1AD52BB90027C955 /* DYLoginViewController.m */ = {isa = PBXFileReference; fileEncoding = 4; lastKnownFileType = sourcecode.c.objc; name = DYLoginViewController.m; path = LoginViewController/DYLoginViewController.m; sourceTree = "<group>"; };
		6FB0DE7E1AD55C860027C955 /* DYMainTableViewCell.h */ = {isa = PBXFileReference; fileEncoding = 4; lastKnownFileType = sourcecode.c.h; name = DYMainTableViewCell.h; path = CommonSuperClass/DYMainTableViewCell.h; sourceTree = "<group>"; };
		6FB0DE7F1AD55C860027C955 /* DYMainTableViewCell.m */ = {isa = PBXFileReference; fileEncoding = 4; lastKnownFileType = sourcecode.c.objc; name = DYMainTableViewCell.m; path = CommonSuperClass/DYMainTableViewCell.m; sourceTree = "<group>"; };
		6FB0DE811AD55CE80027C955 /* DYLoginTableViewCell.h */ = {isa = PBXFileReference; fileEncoding = 4; lastKnownFileType = sourcecode.c.h; name = DYLoginTableViewCell.h; path = LoginViewController/DYLoginTableViewCell.h; sourceTree = "<group>"; };
		6FB0DE821AD55CE80027C955 /* DYLoginTableViewCell.m */ = {isa = PBXFileReference; fileEncoding = 4; lastKnownFileType = sourcecode.c.objc; name = DYLoginTableViewCell.m; path = LoginViewController/DYLoginTableViewCell.m; sourceTree = "<group>"; };
		6FB2DBBC1AE4A1B20066EB66 /* opencv2.framework */ = {isa = PBXFileReference; lastKnownFileType = wrapper.framework; name = opencv2.framework; path = OpenSourceIntegration/opencv2.framework; sourceTree = "<group>"; };
		6FD6F84E1AA55C0A001F012B /* OpenSourceIntegration.app */ = {isa = PBXFileReference; explicitFileType = wrapper.application; includeInIndex = 0; path = OpenSourceIntegration.app; sourceTree = BUILT_PRODUCTS_DIR; };
		6FD6F8521AA55C0A001F012B /* Info.plist */ = {isa = PBXFileReference; lastKnownFileType = text.plist.xml; path = Info.plist; sourceTree = "<group>"; };
		6FD6F8531AA55C0A001F012B /* main.m */ = {isa = PBXFileReference; lastKnownFileType = sourcecode.c.objc; path = main.m; sourceTree = "<group>"; };
		6FD6F8551AA55C0A001F012B /* AppDelegate.h */ = {isa = PBXFileReference; lastKnownFileType = sourcecode.c.h; path = AppDelegate.h; sourceTree = "<group>"; };
		6FD6F8561AA55C0A001F012B /* AppDelegate.m */ = {isa = PBXFileReference; lastKnownFileType = sourcecode.c.objc; path = AppDelegate.m; sourceTree = "<group>"; };
		6FD6F8591AA55C0A001F012B /* OpenSourceIntegration.xcdatamodel */ = {isa = PBXFileReference; lastKnownFileType = wrapper.xcdatamodel; path = OpenSourceIntegration.xcdatamodel; sourceTree = "<group>"; };
		6FD6F85F1AA55C0A001F012B /* Base */ = {isa = PBXFileReference; lastKnownFileType = file.storyboard; name = Base; path = Base.lproj/Main.storyboard; sourceTree = "<group>"; };
		6FD6F8611AA55C0A001F012B /* Images.xcassets */ = {isa = PBXFileReference; lastKnownFileType = folder.assetcatalog; path = Images.xcassets; sourceTree = "<group>"; };
		6FD6F8641AA55C0A001F012B /* Base */ = {isa = PBXFileReference; lastKnownFileType = file.xib; name = Base; path = Base.lproj/LaunchScreen.xib; sourceTree = "<group>"; };
		6FD6F86A1AA55C0A001F012B /* OpenSourceIntegrationTests.xctest */ = {isa = PBXFileReference; explicitFileType = wrapper.cfbundle; includeInIndex = 0; path = OpenSourceIntegrationTests.xctest; sourceTree = BUILT_PRODUCTS_DIR; };
		6FD6F86F1AA55C0A001F012B /* Info.plist */ = {isa = PBXFileReference; lastKnownFileType = text.plist.xml; path = Info.plist; sourceTree = "<group>"; };
		6FD6F8701AA55C0A001F012B /* OpenSourceIntegrationTests.m */ = {isa = PBXFileReference; lastKnownFileType = sourcecode.c.objc; path = OpenSourceIntegrationTests.m; sourceTree = "<group>"; };
		6FD929961B281E8000F90100 /* DYCustomCameraViewController.h */ = {isa = PBXFileReference; fileEncoding = 4; lastKnownFileType = sourcecode.c.h; path = DYCustomCameraViewController.h; sourceTree = "<group>"; };
		6FD929971B281E8000F90100 /* DYCustomCameraViewController.m */ = {isa = PBXFileReference; fileEncoding = 4; lastKnownFileType = sourcecode.c.objc; path = DYCustomCameraViewController.m; sourceTree = "<group>"; };
		6FFDEF2D1AF8637D002FA44B /* DYImageIdentifierViewController.h */ = {isa = PBXFileReference; fileEncoding = 4; lastKnownFileType = sourcecode.c.h; name = DYImageIdentifierViewController.h; path = ImageIdentifier/DYImageIdentifierViewController.h; sourceTree = "<group>"; };
		6FFDEF2E1AF8637D002FA44B /* DYImageIdentifierViewController.mm */ = {isa = PBXFileReference; fileEncoding = 4; lastKnownFileType = sourcecode.cpp.objcpp; name = DYImageIdentifierViewController.mm; path = ImageIdentifier/DYImageIdentifierViewController.mm; sourceTree = "<group>"; };
		F97E770ACD492C2BEF1CAF21 /* libPods.a */ = {isa = PBXFileReference; explicitFileType = archive.ar; includeInIndex = 0; path = libPods.a; sourceTree = BUILT_PRODUCTS_DIR; };
/* End PBXFileReference section */

/* Begin PBXFrameworksBuildPhase section */
		6FD6F84B1AA55C0A001F012B /* Frameworks */ = {
			isa = PBXFrameworksBuildPhase;
			buildActionMask = 2147483647;
			files = (
				6FB2DBBD1AE4A1B20066EB66 /* opencv2.framework in Frameworks */,
				6F44B2FE1AE40FC60026FB06 /* CoreVideo.framework in Frameworks */,
				6F44B2FD1AE40FA80026FB06 /* CoreImage.framework in Frameworks */,
				6F44B2FC1AE40F770026FB06 /* CoreMedia.framework in Frameworks */,
				6F44B2FB1AE40F3E0026FB06 /* QuartzCore.framework in Frameworks */,
				6F44B2F31AE40EE10026FB06 /* Accelerate.framework in Frameworks */,
				6F44B2F11AE40ED60026FB06 /* AVFoundation.framework in Frameworks */,
				6F44B2ED1AE408AE0026FB06 /* AssetsLibrary.framework in Frameworks */,
				6F44B2E81AE4070E0026FB06 /* CoreGraphics.framework in Frameworks */,
				6F44B2E61AE406FB0026FB06 /* UIKit.framework in Frameworks */,
				6F44B2E41AE406F40026FB06 /* Foundation.framework in Frameworks */,
				DCBE2D72A461CCBD26C54B2C /* libPods.a in Frameworks */,
			);
			runOnlyForDeploymentPostprocessing = 0;
		};
		6FD6F8671AA55C0A001F012B /* Frameworks */ = {
			isa = PBXFrameworksBuildPhase;
			buildActionMask = 2147483647;
			files = (
			);
			runOnlyForDeploymentPostprocessing = 0;
		};
/* End PBXFrameworksBuildPhase section */

/* Begin PBXGroup section */
		096F3CEB9BD7DF4E832138EC /* Frameworks */ = {
			isa = PBXGroup;
			children = (
				6FB2DBBC1AE4A1B20066EB66 /* opencv2.framework */,
				6F44B2FF1AE40FFD0026FB06 /* ImageIO.framework */,
				6F44B2FA1AE40F3E0026FB06 /* QuartzCore.framework */,
				6F44B2F81AE40F2C0026FB06 /* CoreVideo.framework */,
				6F44B2F61AE40F220026FB06 /* CoreMedia.framework */,
				6F44B2F41AE40F140026FB06 /* CoreImage.framework */,
				6F44B2F21AE40EE10026FB06 /* Accelerate.framework */,
				6F44B2F01AE40ED60026FB06 /* AVFoundation.framework */,
				6F44B2EC1AE408AE0026FB06 /* AssetsLibrary.framework */,
				6F44B2E71AE4070E0026FB06 /* CoreGraphics.framework */,
				6F44B2E51AE406FB0026FB06 /* UIKit.framework */,
				6F44B2E31AE406F40026FB06 /* Foundation.framework */,
				F97E770ACD492C2BEF1CAF21 /* libPods.a */,
			);
			name = Frameworks;
			sourceTree = "<group>";
		};
		400BDD5CE78762BAF2F4AE6F /* Pods */ = {
			isa = PBXGroup;
			children = (
				2042A41782B3BF04DE63489A /* Pods.debug.xcconfig */,
				329C8D9F2B9AFEFB3C76055A /* Pods.release.xcconfig */,
			);
			name = Pods;
			sourceTree = "<group>";
		};
		6FB0DE7C1AD55C440027C955 /* LoginView */ = {
			isa = PBXGroup;
			children = (
				6FB0DE791AD52BB90027C955 /* DYLoginViewController.h */,
				6FB0DE7A1AD52BB90027C955 /* DYLoginViewController.m */,
				6FB0DE811AD55CE80027C955 /* DYLoginTableViewCell.h */,
				6FB0DE821AD55CE80027C955 /* DYLoginTableViewCell.m */,
			);
			name = LoginView;
			sourceTree = "<group>";
		};
		6FB0DE7D1AD55C550027C955 /* CommonSuperClass */ = {
			isa = PBXGroup;
			children = (
				6FB0DE761AD52B5A0027C955 /* DYMainViewController.h */,
				6FB0DE771AD52B5A0027C955 /* DYMainViewController.m */,
				6FB0DE7E1AD55C860027C955 /* DYMainTableViewCell.h */,
				6FB0DE7F1AD55C860027C955 /* DYMainTableViewCell.m */,
			);
			name = CommonSuperClass;
			sourceTree = "<group>";
		};
		6FD6F8451AA55C0A001F012B = {
			isa = PBXGroup;
			children = (
				6FD6F8501AA55C0A001F012B /* OpenSourceIntegration */,
				6FD6F86D1AA55C0A001F012B /* OpenSourceIntegrationTests */,
				6FD6F84F1AA55C0A001F012B /* Products */,
				400BDD5CE78762BAF2F4AE6F /* Pods */,
				096F3CEB9BD7DF4E832138EC /* Frameworks */,
			);
			sourceTree = "<group>";
		};
		6FD6F84F1AA55C0A001F012B /* Products */ = {
			isa = PBXGroup;
			children = (
				6FD6F84E1AA55C0A001F012B /* OpenSourceIntegration.app */,
				6FD6F86A1AA55C0A001F012B /* OpenSourceIntegrationTests.xctest */,
			);
			name = Products;
			sourceTree = "<group>";
		};
		6FD6F8501AA55C0A001F012B /* OpenSourceIntegration */ = {
			isa = PBXGroup;
			children = (
				6FD6F8551AA55C0A001F012B /* AppDelegate.h */,
				6FD6F8561AA55C0A001F012B /* AppDelegate.m */,
				6FB0DE7D1AD55C550027C955 /* CommonSuperClass */,
				6FB0DE7C1AD55C440027C955 /* LoginView */,
				6FD929921B281C9000F90100 /* CustomCamera */,
				6FFDEF301AF8638F002FA44B /* ImageIdentifier */,
				6FD6F85E1AA55C0A001F012B /* Main.storyboard */,
				6FD6F8611AA55C0A001F012B /* Images.xcassets */,
				6FD6F8631AA55C0A001F012B /* LaunchScreen.xib */,
				6FD6F8581AA55C0A001F012B /* OpenSourceIntegration.xcdatamodeld */,
				6FD6F8511AA55C0A001F012B /* Supporting Files */,
			);
			path = OpenSourceIntegration;
			sourceTree = "<group>";
		};
		6FD6F8511AA55C0A001F012B /* Supporting Files */ = {
			isa = PBXGroup;
			children = (
				6FD6F8521AA55C0A001F012B /* Info.plist */,
				6FD6F8531AA55C0A001F012B /* main.m */,
			);
			name = "Supporting Files";
			sourceTree = "<group>";
		};
		6FD6F86D1AA55C0A001F012B /* OpenSourceIntegrationTests */ = {
			isa = PBXGroup;
			children = (
				6FD6F8701AA55C0A001F012B /* OpenSourceIntegrationTests.m */,
				6FD6F86E1AA55C0A001F012B /* Supporting Files */,
			);
			path = OpenSourceIntegrationTests;
			sourceTree = "<group>";
		};
		6FD6F86E1AA55C0A001F012B /* Supporting Files */ = {
			isa = PBXGroup;
			children = (
				6FD6F86F1AA55C0A001F012B /* Info.plist */,
			);
			name = "Supporting Files";
			sourceTree = "<group>";
		};
		6FD929921B281C9000F90100 /* CustomCamera */ = {
			isa = PBXGroup;
			children = (
				6FD929961B281E8000F90100 /* DYCustomCameraViewController.h */,
				6FD929971B281E8000F90100 /* DYCustomCameraViewController.m */,
			);
			name = CustomCamera;
			sourceTree = "<group>";
		};
		6FFDEF301AF8638F002FA44B /* ImageIdentifier */ = {
			isa = PBXGroup;
			children = (
				6FFDEF2D1AF8637D002FA44B /* DYImageIdentifierViewController.h */,
				6FFDEF2E1AF8637D002FA44B /* DYImageIdentifierViewController.mm */,
			);
			name = ImageIdentifier;
			sourceTree = "<group>";
		};
/* End PBXGroup section */

/* Begin PBXNativeTarget section */
		6FD6F84D1AA55C0A001F012B /* OpenSourceIntegration */ = {
			isa = PBXNativeTarget;
			buildConfigurationList = 6FD6F8741AA55C0A001F012B /* Build configuration list for PBXNativeTarget "OpenSourceIntegration" */;
			buildPhases = (
				14043B5079D1D1D061979B2A /* Check Pods Manifest.lock */,
				6FD6F84A1AA55C0A001F012B /* Sources */,
				6FD6F84B1AA55C0A001F012B /* Frameworks */,
				6FD6F84C1AA55C0A001F012B /* Resources */,
				62A7E77458836CBDA3233CBE /* Copy Pods Resources */,
			);
			buildRules = (
			);
			dependencies = (
			);
			name = OpenSourceIntegration;
			productName = OpenSourceIntegration;
			productReference = 6FD6F84E1AA55C0A001F012B /* OpenSourceIntegration.app */;
			productType = "com.apple.product-type.application";
		};
		6FD6F8691AA55C0A001F012B /* OpenSourceIntegrationTests */ = {
			isa = PBXNativeTarget;
			buildConfigurationList = 6FD6F8771AA55C0A001F012B /* Build configuration list for PBXNativeTarget "OpenSourceIntegrationTests" */;
			buildPhases = (
				6FD6F8661AA55C0A001F012B /* Sources */,
				6FD6F8671AA55C0A001F012B /* Frameworks */,
				6FD6F8681AA55C0A001F012B /* Resources */,
			);
			buildRules = (
			);
			dependencies = (
				6FD6F86C1AA55C0A001F012B /* PBXTargetDependency */,
			);
			name = OpenSourceIntegrationTests;
			productName = OpenSourceIntegrationTests;
			productReference = 6FD6F86A1AA55C0A001F012B /* OpenSourceIntegrationTests.xctest */;
			productType = "com.apple.product-type.bundle.unit-test";
		};
/* End PBXNativeTarget section */

/* Begin PBXProject section */
		6FD6F8461AA55C0A001F012B /* Project object */ = {
			isa = PBXProject;
			attributes = {
				LastUpgradeCheck = 0610;
				ORGANIZATIONNAME = "Ding Yi";
				TargetAttributes = {
					6FD6F84D1AA55C0A001F012B = {
						CreatedOnToolsVersion = 6.1.1;
					};
					6FD6F8691AA55C0A001F012B = {
						CreatedOnToolsVersion = 6.1.1;
						TestTargetID = 6FD6F84D1AA55C0A001F012B;
					};
				};
			};
			buildConfigurationList = 6FD6F8491AA55C0A001F012B /* Build configuration list for PBXProject "OpenSourceIntegration" */;
			compatibilityVersion = "Xcode 3.2";
			developmentRegion = English;
			hasScannedForEncodings = 0;
			knownRegions = (
				en,
				Base,
			);
			mainGroup = 6FD6F8451AA55C0A001F012B;
			productRefGroup = 6FD6F84F1AA55C0A001F012B /* Products */;
			projectDirPath = "";
			projectRoot = "";
			targets = (
				6FD6F84D1AA55C0A001F012B /* OpenSourceIntegration */,
				6FD6F8691AA55C0A001F012B /* OpenSourceIntegrationTests */,
			);
		};
/* End PBXProject section */

/* Begin PBXResourcesBuildPhase section */
		6FD6F84C1AA55C0A001F012B /* Resources */ = {
			isa = PBXResourcesBuildPhase;
			buildActionMask = 2147483647;
			files = (
				6FD6F8601AA55C0A001F012B /* Main.storyboard in Resources */,
				6FD6F8651AA55C0A001F012B /* LaunchScreen.xib in Resources */,
				6FD6F8621AA55C0A001F012B /* Images.xcassets in Resources */,
			);
			runOnlyForDeploymentPostprocessing = 0;
		};
		6FD6F8681AA55C0A001F012B /* Resources */ = {
			isa = PBXResourcesBuildPhase;
			buildActionMask = 2147483647;
			files = (
			);
			runOnlyForDeploymentPostprocessing = 0;
		};
/* End PBXResourcesBuildPhase section */

/* Begin PBXShellScriptBuildPhase section */
		14043B5079D1D1D061979B2A /* Check Pods Manifest.lock */ = {
			isa = PBXShellScriptBuildPhase;
			buildActionMask = 2147483647;
			files = (
			);
			inputPaths = (
			);
			name = "Check Pods Manifest.lock";
			outputPaths = (
			);
			runOnlyForDeploymentPostprocessing = 0;
			shellPath = /bin/sh;
			shellScript = "diff \"${PODS_ROOT}/../Podfile.lock\" \"${PODS_ROOT}/Manifest.lock\" > /dev/null\nif [[ $? != 0 ]] ; then\n    cat << EOM\nerror: The sandbox is not in sync with the Podfile.lock. Run 'pod install' or update your CocoaPods installation.\nEOM\n    exit 1\nfi\n";
			showEnvVarsInLog = 0;
		};
		62A7E77458836CBDA3233CBE /* Copy Pods Resources */ = {
			isa = PBXShellScriptBuildPhase;
			buildActionMask = 2147483647;
			files = (
			);
			inputPaths = (
			);
			name = "Copy Pods Resources";
			outputPaths = (
			);
			runOnlyForDeploymentPostprocessing = 0;
			shellPath = /bin/sh;
			shellScript = "\"${SRCROOT}/Pods/Target Support Files/Pods/Pods-resources.sh\"\n";
			showEnvVarsInLog = 0;
		};
/* End PBXShellScriptBuildPhase section */

/* Begin PBXSourcesBuildPhase section */
		6FD6F84A1AA55C0A001F012B /* Sources */ = {
			isa = PBXSourcesBuildPhase;
			buildActionMask = 2147483647;
			files = (
				6FD6F8571AA55C0A001F012B /* AppDelegate.m in Sources */,
				6FB0DE801AD55C860027C955 /* DYMainTableViewCell.m in Sources */,
				6FFDEF2F1AF8637D002FA44B /* DYImageIdentifierViewController.mm in Sources */,
				6FB0DE831AD55CE80027C955 /* DYLoginTableViewCell.m in Sources */,
				6FD929981B281E8000F90100 /* DYCustomCameraViewController.m in Sources */,
				6FD6F8541AA55C0A001F012B /* main.m in Sources */,
				6FD6F85A1AA55C0A001F012B /* OpenSourceIntegration.xcdatamodeld in Sources */,
				6FB0DE781AD52B5A0027C955 /* DYMainViewController.m in Sources */,
				6FB0DE7B1AD52BB90027C955 /* DYLoginViewController.m in Sources */,
			);
			runOnlyForDeploymentPostprocessing = 0;
		};
		6FD6F8661AA55C0A001F012B /* Sources */ = {
			isa = PBXSourcesBuildPhase;
			buildActionMask = 2147483647;
			files = (
				6FD6F8711AA55C0A001F012B /* OpenSourceIntegrationTests.m in Sources */,
			);
			runOnlyForDeploymentPostprocessing = 0;
		};
/* End PBXSourcesBuildPhase section */

/* Begin PBXTargetDependency section */
		6FD6F86C1AA55C0A001F012B /* PBXTargetDependency */ = {
			isa = PBXTargetDependency;
			target = 6FD6F84D1AA55C0A001F012B /* OpenSourceIntegration */;
			targetProxy = 6FD6F86B1AA55C0A001F012B /* PBXContainerItemProxy */;
		};
/* End PBXTargetDependency section */

/* Begin PBXVariantGroup section */
		6FD6F85E1AA55C0A001F012B /* Main.storyboard */ = {
			isa = PBXVariantGroup;
			children = (
				6FD6F85F1AA55C0A001F012B /* Base */,
			);
			name = Main.storyboard;
			sourceTree = "<group>";
		};
		6FD6F8631AA55C0A001F012B /* LaunchScreen.xib */ = {
			isa = PBXVariantGroup;
			children = (
				6FD6F8641AA55C0A001F012B /* Base */,
			);
			name = LaunchScreen.xib;
			sourceTree = "<group>";
		};
/* End PBXVariantGroup section */

/* Begin XCBuildConfiguration section */
		6FD6F8721AA55C0A001F012B /* Debug */ = {
			isa = XCBuildConfiguration;
			buildSettings = {
				ALWAYS_SEARCH_USER_PATHS = NO;
				CLANG_CXX_LANGUAGE_STANDARD = "gnu++0x";
				CLANG_CXX_LIBRARY = "libc++";
				CLANG_ENABLE_MODULES = YES;
				CLANG_ENABLE_OBJC_ARC = YES;
				CLANG_WARN_BOOL_CONVERSION = YES;
				CLANG_WARN_CONSTANT_CONVERSION = YES;
				CLANG_WARN_DIRECT_OBJC_ISA_USAGE = YES_ERROR;
				CLANG_WARN_EMPTY_BODY = YES;
				CLANG_WARN_ENUM_CONVERSION = YES;
				CLANG_WARN_INT_CONVERSION = YES;
				CLANG_WARN_OBJC_ROOT_CLASS = YES_ERROR;
				CLANG_WARN_UNREACHABLE_CODE = YES;
				CLANG_WARN__DUPLICATE_METHOD_MATCH = YES;
				"CODE_SIGN_IDENTITY[sdk=iphoneos*]" = "iPhone Developer";
				COPY_PHASE_STRIP = NO;
				ENABLE_STRICT_OBJC_MSGSEND = YES;
				GCC_C_LANGUAGE_STANDARD = gnu99;
				GCC_DYNAMIC_NO_PIC = NO;
				GCC_OPTIMIZATION_LEVEL = 0;
				GCC_PREPROCESSOR_DEFINITIONS = (
					"DEBUG=1",
					"$(inherited)",
				);
				GCC_SYMBOLS_PRIVATE_EXTERN = NO;
				GCC_WARN_64_TO_32_BIT_CONVERSION = YES;
				GCC_WARN_ABOUT_RETURN_TYPE = YES_ERROR;
				GCC_WARN_UNDECLARED_SELECTOR = YES;
				GCC_WARN_UNINITIALIZED_AUTOS = YES_AGGRESSIVE;
				GCC_WARN_UNUSED_FUNCTION = YES;
				GCC_WARN_UNUSED_VARIABLE = YES;
				IPHONEOS_DEPLOYMENT_TARGET = 8.1;
				MTL_ENABLE_DEBUG_INFO = YES;
				ONLY_ACTIVE_ARCH = YES;
				SDKROOT = iphoneos;
				TARGETED_DEVICE_FAMILY = "1,2";
			};
			name = Debug;
		};
		6FD6F8731AA55C0A001F012B /* Release */ = {
			isa = XCBuildConfiguration;
			buildSettings = {
				ALWAYS_SEARCH_USER_PATHS = NO;
				CLANG_CXX_LANGUAGE_STANDARD = "gnu++0x";
				CLANG_CXX_LIBRARY = "libc++";
				CLANG_ENABLE_MODULES = YES;
				CLANG_ENABLE_OBJC_ARC = YES;
				CLANG_WARN_BOOL_CONVERSION = YES;
				CLANG_WARN_CONSTANT_CONVERSION = YES;
				CLANG_WARN_DIRECT_OBJC_ISA_USAGE = YES_ERROR;
				CLANG_WARN_EMPTY_BODY = YES;
				CLANG_WARN_ENUM_CONVERSION = YES;
				CLANG_WARN_INT_CONVERSION = YES;
				CLANG_WARN_OBJC_ROOT_CLASS = YES_ERROR;
				CLANG_WARN_UNREACHABLE_CODE = YES;
				CLANG_WARN__DUPLICATE_METHOD_MATCH = YES;
				"CODE_SIGN_IDENTITY[sdk=iphoneos*]" = "iPhone Developer";
				COPY_PHASE_STRIP = YES;
				ENABLE_NS_ASSERTIONS = NO;
				ENABLE_STRICT_OBJC_MSGSEND = YES;
				GCC_C_LANGUAGE_STANDARD = gnu99;
				GCC_WARN_64_TO_32_BIT_CONVERSION = YES;
				GCC_WARN_ABOUT_RETURN_TYPE = YES_ERROR;
				GCC_WARN_UNDECLARED_SELECTOR = YES;
				GCC_WARN_UNINITIALIZED_AUTOS = YES_AGGRESSIVE;
				GCC_WARN_UNUSED_FUNCTION = YES;
				GCC_WARN_UNUSED_VARIABLE = YES;
				IPHONEOS_DEPLOYMENT_TARGET = 8.1;
				MTL_ENABLE_DEBUG_INFO = NO;
				SDKROOT = iphoneos;
				TARGETED_DEVICE_FAMILY = "1,2";
				VALIDATE_PRODUCT = YES;
			};
			name = Release;
		};
		6FD6F8751AA55C0A001F012B /* Debug */ = {
			isa = XCBuildConfiguration;
			baseConfigurationReference = 2042A41782B3BF04DE63489A /* Pods.debug.xcconfig */;
			buildSettings = {
				ASSETCATALOG_COMPILER_APPICON_NAME = AppIcon;
				FRAMEWORK_SEARCH_PATHS = (
					"$(inherited)",
					"$(PROJECT_DIR)/OpenSourceIntegration",
				);
				INFOPLIST_FILE = OpenSourceIntegration/Info.plist;
				IPHONEOS_DEPLOYMENT_TARGET = 7.0;
				LD_RUNPATH_SEARCH_PATHS = "$(inherited) @executable_path/Frameworks";
				PRODUCT_NAME = "$(TARGET_NAME)";
				VALID_ARCHS = "arm64 armv7 armv7s";
			};
			name = Debug;
		};
		6FD6F8761AA55C0A001F012B /* Release */ = {
			isa = XCBuildConfiguration;
			baseConfigurationReference = 329C8D9F2B9AFEFB3C76055A /* Pods.release.xcconfig */;
			buildSettings = {
				ASSETCATALOG_COMPILER_APPICON_NAME = AppIcon;
				FRAMEWORK_SEARCH_PATHS = (
					"$(inherited)",
					"$(PROJECT_DIR)/OpenSourceIntegration",
				);
				INFOPLIST_FILE = OpenSourceIntegration/Info.plist;
				IPHONEOS_DEPLOYMENT_TARGET = 7.0;
				LD_RUNPATH_SEARCH_PATHS = "$(inherited) @executable_path/Frameworks";
				PRODUCT_NAME = "$(TARGET_NAME)";
				VALID_ARCHS = "arm64 armv7 armv7s";
			};
			name = Release;
		};
		6FD6F8781AA55C0A001F012B /* Debug */ = {
			isa = XCBuildConfiguration;
			buildSettings = {
				BUNDLE_LOADER = "$(TEST_HOST)";
				FRAMEWORK_SEARCH_PATHS = (
					"$(SDKROOT)/Developer/Library/Frameworks",
					"$(inherited)",
				);
				GCC_PREPROCESSOR_DEFINITIONS = (
					"DEBUG=1",
					"$(inherited)",
				);
				INFOPLIST_FILE = OpenSourceIntegrationTests/Info.plist;
				LD_RUNPATH_SEARCH_PATHS = "$(inherited) @executable_path/Frameworks @loader_path/Frameworks";
				PRODUCT_NAME = "$(TARGET_NAME)";
				TEST_HOST = "$(BUILT_PRODUCTS_DIR)/OpenSourceIntegration.app/OpenSourceIntegration";
			};
			name = Debug;
		};
		6FD6F8791AA55C0A001F012B /* Release */ = {
			isa = XCBuildConfiguration;
			buildSettings = {
				BUNDLE_LOADER = "$(TEST_HOST)";
				FRAMEWORK_SEARCH_PATHS = (
					"$(SDKROOT)/Developer/Library/Frameworks",
					"$(inherited)",
				);
				INFOPLIST_FILE = OpenSourceIntegrationTests/Info.plist;
				LD_RUNPATH_SEARCH_PATHS = "$(inherited) @executable_path/Frameworks @loader_path/Frameworks";
				PRODUCT_NAME = "$(TARGET_NAME)";
				TEST_HOST = "$(BUILT_PRODUCTS_DIR)/OpenSourceIntegration.app/OpenSourceIntegration";
			};
			name = Release;
		};
/* End XCBuildConfiguration section */

/* Begin XCConfigurationList section */
		6FD6F8491AA55C0A001F012B /* Build configuration list for PBXProject "OpenSourceIntegration" */ = {
			isa = XCConfigurationList;
			buildConfigurations = (
				6FD6F8721AA55C0A001F012B /* Debug */,
				6FD6F8731AA55C0A001F012B /* Release */,
			);
			defaultConfigurationIsVisible = 0;
			defaultConfigurationName = Release;
		};
		6FD6F8741AA55C0A001F012B /* Build configuration list for PBXNativeTarget "OpenSourceIntegration" */ = {
			isa = XCConfigurationList;
			buildConfigurations = (
				6FD6F8751AA55C0A001F012B /* Debug */,
				6FD6F8761AA55C0A001F012B /* Release */,
			);
			defaultConfigurationIsVisible = 0;
			defaultConfigurationName = Release;
		};
		6FD6F8771AA55C0A001F012B /* Build configuration list for PBXNativeTarget "OpenSourceIntegrationTests" */ = {
			isa = XCConfigurationList;
			buildConfigurations = (
				6FD6F8781AA55C0A001F012B /* Debug */,
				6FD6F8791AA55C0A001F012B /* Release */,
			);
			defaultConfigurationIsVisible = 0;
			defaultConfigurationName = Release;
		};
/* End XCConfigurationList section */

/* Begin XCVersionGroup section */
		6FD6F8581AA55C0A001F012B /* OpenSourceIntegration.xcdatamodeld */ = {
			isa = XCVersionGroup;
			children = (
				6FD6F8591AA55C0A001F012B /* OpenSourceIntegration.xcdatamodel */,
			);
			currentVersion = 6FD6F8591AA55C0A001F012B /* OpenSourceIntegration.xcdatamodel */;
			path = OpenSourceIntegration.xcdatamodeld;
			sourceTree = "<group>";
			versionGroupType = wrapper.xcdatamodel;
		};
/* End XCVersionGroup section */
	};
	rootObject = 6FD6F8461AA55C0A001F012B /* Project object */;
}
